
Microsoft Visual Studio Solution File, Format Version 12.00
# Visual Studio Version 17
VisualStudioVersion = 17.11.35327.3
MinimumVisualStudioVersion = 10.0.40219.1
Project("{FAE04EC0-301F-11D3-BF4B-00C04F79EFBC}") = "B1003", "B1003\B1003.csproj", "{DEF48A66-3AD8-4865-8708-E5A671B1E910}"
EndProject
Global
	GlobalSection(SolutionConfigurationPlatforms) = preSolution
		Debug|Any CPU = Debug|Any CPU
		Release|Any CPU = Release|Any CPU
	EndGlobalSection
	GlobalSection(ProjectConfigurationPlatforms) = postSolution
		{DEF48A66-3AD8-4865-8708-E5A671B1E910}.Debug|Any CPU.ActiveCfg = Debug|Any CPU
		{DEF48A66-3AD8-4865-8708-E5A671B1E910}.Debug|Any CPU.Build.0 = Debug|Any CPU
		{DEF48A66-3AD8-4865-8708-E5A671B1E910}.Release|Any CPU.ActiveCfg = Release|Any CPU
		{DEF48A66-3AD8-4865-8708-E5A671B1E910}.Release|Any CPU.Build.0 = Release|Any CPU
	EndGlobalSection
	GlobalSection(SolutionProperties) = preSolution
		HideSolutionNode = FALSE
	EndGlobalSection
	GlobalSection(ExtensibilityGlobals) = postSolution
		SolutionGuid = {9B6CEB9F-3F70-4F07-BBF6-33E843CC632B}
	EndGlobalSection
EndGlobal
